
Microsoft Visual Studio Solution File, Format Version 12.00
# Visual Studio Version 17
VisualStudioVersion = 17.3.32901.215
MinimumVisualStudioVersion = 10.0.40219.1
Project("{9A19103F-16F7-4668-BE54-9A1E7A4F7556}") = "SMSC.Core", "src\SMSC.Core\SMSC.Core.csproj", "{B9C69529-5DB2-4FD7-8409-70457559256A}"
EndProject
Project("{9A19103F-16F7-4668-BE54-9A1E7A4F7556}") = "SMSC.Admin", "src\SMSC.Admin\SMSC.Admin.csproj", "{64C9B745-BC59-4658-B606-AF01C812D4A6}"
EndProject
Project("{9A19103F-16F7-4668-BE54-9A1E7A4F7556}") = "SMSC.Application", "src\SMSC.Application\SMSC.Application.csproj", "{FDC70B31-6E60-464A-B4F7-C954C4F6BFC8}"
EndProject
Project("{9A19103F-16F7-4668-BE54-9A1E7A4F7556}") = "SMSC.Infrastructure", "src\SMSC.Infrastructure\SMSC.Infrastructure.csproj", "{78E3FA79-4771-4B91-8FC4-353239344118}"
EndProject
Project("{2150E333-8FDC-42A3-9474-1A3956D46DE8}") = "src", "src", "{4A6A235C-203F-4A22-A4D3-BBF98F08D7C7}"
EndProject
Project("{2150E333-8FDC-42A3-9474-1A3956D46DE8}") = "test", "test", "{41C40720-B13F-41E5-9074-CF4F373D27D0}"
	ProjectSection(SolutionItems) = preProject
		test\info.md = test\info.md
	EndProjectSection
EndProject
Project("{2150E333-8FDC-42A3-9474-1A3956D46DE8}") = "docs", "docs", "{170A1F5A-6AB9-4613-A91C-497C05BFCF57}"
	ProjectSection(SolutionItems) = preProject
		docs\readme.md = docs\readme.md
	EndProjectSection
EndProject
Global
	GlobalSection(SolutionConfigurationPlatforms) = preSolution
		Debug|Any CPU = Debug|Any CPU
		Release|Any CPU = Release|Any CPU
	EndGlobalSection
	GlobalSection(ProjectConfigurationPlatforms) = postSolution
		{B9C69529-5DB2-4FD7-8409-70457559256A}.Debug|Any CPU.ActiveCfg = Debug|Any CPU
		{B9C69529-5DB2-4FD7-8409-70457559256A}.Debug|Any CPU.Build.0 = Debug|Any CPU
		{B9C69529-5DB2-4FD7-8409-70457559256A}.Release|Any CPU.ActiveCfg = Release|Any CPU
		{B9C69529-5DB2-4FD7-8409-70457559256A}.Release|Any CPU.Build.0 = Release|Any CPU
		{64C9B745-BC59-4658-B606-AF01C812D4A6}.Debug|Any CPU.ActiveCfg = Debug|Any CPU
		{64C9B745-BC59-4658-B606-AF01C812D4A6}.Debug|Any CPU.Build.0 = Debug|Any CPU
		{64C9B745-BC59-4658-B606-AF01C812D4A6}.Release|Any CPU.ActiveCfg = Release|Any CPU
		{64C9B745-BC59-4658-B606-AF01C812D4A6}.Release|Any CPU.Build.0 = Release|Any CPU
		{FDC70B31-6E60-464A-B4F7-C954C4F6BFC8}.Debug|Any CPU.ActiveCfg = Debug|Any CPU
		{FDC70B31-6E60-464A-B4F7-C954C4F6BFC8}.Debug|Any CPU.Build.0 = Debug|Any CPU
		{FDC70B31-6E60-464A-B4F7-C954C4F6BFC8}.Release|Any CPU.ActiveCfg = Release|Any CPU
		{FDC70B31-6E60-464A-B4F7-C954C4F6BFC8}.Release|Any CPU.Build.0 = Release|Any CPU
		{78E3FA79-4771-4B91-8FC4-353239344118}.Debug|Any CPU.ActiveCfg = Debug|Any CPU
		{78E3FA79-4771-4B91-8FC4-353239344118}.Debug|Any CPU.Build.0 = Debug|Any CPU
		{78E3FA79-4771-4B91-8FC4-353239344118}.Release|Any CPU.ActiveCfg = Release|Any CPU
		{78E3FA79-4771-4B91-8FC4-353239344118}.Release|Any CPU.Build.0 = Release|Any CPU
	EndGlobalSection
	GlobalSection(SolutionProperties) = preSolution
		HideSolutionNode = FALSE
	EndGlobalSection
	GlobalSection(NestedProjects) = preSolution
		{B9C69529-5DB2-4FD7-8409-70457559256A} = {4A6A235C-203F-4A22-A4D3-BBF98F08D7C7}
		{64C9B745-BC59-4658-B606-AF01C812D4A6} = {4A6A235C-203F-4A22-A4D3-BBF98F08D7C7}
		{FDC70B31-6E60-464A-B4F7-C954C4F6BFC8} = {4A6A235C-203F-4A22-A4D3-BBF98F08D7C7}
		{78E3FA79-4771-4B91-8FC4-353239344118} = {4A6A235C-203F-4A22-A4D3-BBF98F08D7C7}
	EndGlobalSection
	GlobalSection(ExtensibilityGlobals) = postSolution
		SolutionGuid = {C9BF23BF-B580-438C-884D-605D8657C8C8}
	EndGlobalSection
EndGlobal
